
Microsoft Visual Studio Solution File, Format Version 12.00
# Visual Studio 15
VisualStudioVersion = 15.0.27428.2002
MinimumVisualStudioVersion = 10.0.40219.1
Project("{FAE04EC0-301F-11D3-BF4B-00C04F79EFBC}") = "TheRabbitProblem", "TheRabbitProblem\TheRabbitProblem.csproj", "{669B524E-953D-413A-BBC0-51B65C7C8AC5}"
EndProject
Project("{FAE04EC0-301F-11D3-BF4B-00C04F79EFBC}") = "TheRabbitProblem.UnitTests", "TheRabbitProblem.UnitTests\TheRabbitProblem.UnitTests.csproj", "{C3CA337C-F37C-426A-BE44-44AF1428C3BA}"
EndProject
Global
	GlobalSection(SolutionConfigurationPlatforms) = preSolution
		Debug|Any CPU = Debug|Any CPU
		Release|Any CPU = Release|Any CPU
	EndGlobalSection
	GlobalSection(ProjectConfigurationPlatforms) = postSolution
		{669B524E-953D-413A-BBC0-51B65C7C8AC5}.Debug|Any CPU.ActiveCfg = Debug|Any CPU
		{669B524E-953D-413A-BBC0-51B65C7C8AC5}.Debug|Any CPU.Build.0 = Debug|Any CPU
		{669B524E-953D-413A-BBC0-51B65C7C8AC5}.Release|Any CPU.ActiveCfg = Release|Any CPU
		{669B524E-953D-413A-BBC0-51B65C7C8AC5}.Release|Any CPU.Build.0 = Release|Any CPU
		{C3CA337C-F37C-426A-BE44-44AF1428C3BA}.Debug|Any CPU.ActiveCfg = Debug|Any CPU
		{C3CA337C-F37C-426A-BE44-44AF1428C3BA}.Debug|Any CPU.Build.0 = Debug|Any CPU
		{C3CA337C-F37C-426A-BE44-44AF1428C3BA}.Release|Any CPU.ActiveCfg = Release|Any CPU
		{C3CA337C-F37C-426A-BE44-44AF1428C3BA}.Release|Any CPU.Build.0 = Release|Any CPU
	EndGlobalSection
	GlobalSection(SolutionProperties) = preSolution
		HideSolutionNode = FALSE
	EndGlobalSection
	GlobalSection(ExtensibilityGlobals) = postSolution
		SolutionGuid = {E94D3839-9702-4BA0-8993-90AEC5C4AEE9}
	EndGlobalSection
EndGlobal
