
Microsoft Visual Studio Solution File, Format Version 12.00
# Visual Studio 15
VisualStudioVersion = 15.0.27428.2002
MinimumVisualStudioVersion = 10.0.40219.1
Project("{FAE04EC0-301F-11D3-BF4B-00C04F79EFBC}") = "SevenSegments", "SevenSegments\SevenSegments.csproj", "{A93B07FB-E5E0-4961-A5AA-9BDE9FD0CC22}"
EndProject
Global
	GlobalSection(SolutionConfigurationPlatforms) = preSolution
		Debug|Any CPU = Debug|Any CPU
		Release|Any CPU = Release|Any CPU
	EndGlobalSection
	GlobalSection(ProjectConfigurationPlatforms) = postSolution
		{A93B07FB-E5E0-4961-A5AA-9BDE9FD0CC22}.Debug|Any CPU.ActiveCfg = Debug|Any CPU
		{A93B07FB-E5E0-4961-A5AA-9BDE9FD0CC22}.Debug|Any CPU.Build.0 = Debug|Any CPU
		{A93B07FB-E5E0-4961-A5AA-9BDE9FD0CC22}.Release|Any CPU.ActiveCfg = Release|Any CPU
		{A93B07FB-E5E0-4961-A5AA-9BDE9FD0CC22}.Release|Any CPU.Build.0 = Release|Any CPU
	EndGlobalSection
	GlobalSection(SolutionProperties) = preSolution
		HideSolutionNode = FALSE
	EndGlobalSection
	GlobalSection(ExtensibilityGlobals) = postSolution
		SolutionGuid = {52D06215-FE54-441F-BC2E-882B118D5672}
	EndGlobalSection
EndGlobal
